
Microsoft Visual Studio Solution File, Format Version 12.00
# Visual Studio 2013
VisualStudioVersion = 12.0.31101.0
MinimumVisualStudioVersion = 10.0.40219.1
Project("{FAE04EC0-301F-11D3-BF4B-00C04F79EFBC}") = "Eas.Tests", "Eas.Tests\Eas.Tests.csproj", "{6C9ACDB7-3365-43B3-99BF-251FBD2AB689}"
EndProject
Project("{FAE04EC0-301F-11D3-BF4B-00C04F79EFBC}") = "Eas.Motion", "Eas.Motion\Eas.Motion.csproj", "{2027CA4A-DEEC-4DAA-BB8B-195C8CD500EB}"
EndProject
Global
	GlobalSection(SolutionConfigurationPlatforms) = preSolution
		Debug|Any CPU = Debug|Any CPU
		Release|Any CPU = Release|Any CPU
	EndGlobalSection
	GlobalSection(ProjectConfigurationPlatforms) = postSolution
		{6C9ACDB7-3365-43B3-99BF-251FBD2AB689}.Debug|Any CPU.ActiveCfg = Debug|Any CPU
		{6C9ACDB7-3365-43B3-99BF-251FBD2AB689}.Debug|Any CPU.Build.0 = Debug|Any CPU
		{6C9ACDB7-3365-43B3-99BF-251FBD2AB689}.Release|Any CPU.ActiveCfg = Release|Any CPU
		{6C9ACDB7-3365-43B3-99BF-251FBD2AB689}.Release|Any CPU.Build.0 = Release|Any CPU
		{2027CA4A-DEEC-4DAA-BB8B-195C8CD500EB}.Debug|Any CPU.ActiveCfg = Debug|Any CPU
		{2027CA4A-DEEC-4DAA-BB8B-195C8CD500EB}.Debug|Any CPU.Build.0 = Debug|Any CPU
		{2027CA4A-DEEC-4DAA-BB8B-195C8CD500EB}.Release|Any CPU.ActiveCfg = Release|Any CPU
		{2027CA4A-DEEC-4DAA-BB8B-195C8CD500EB}.Release|Any CPU.Build.0 = Release|Any CPU
	EndGlobalSection
	GlobalSection(SolutionProperties) = preSolution
		HideSolutionNode = FALSE
	EndGlobalSection
EndGlobal
